
Microsoft Visual Studio Solution File, Format Version 12.00
# Visual Studio Version 17
VisualStudioVersion = 17.4.33103.184
MinimumVisualStudioVersion = 10.0.40219.1
Project("{9A19103F-16F7-4668-BE54-9A1E7A4F7556}") = "ThesisDbApp", "MyWebDbApp\ThesisDbApp.csproj", "{604AC4F4-31B6-49F9-B334-2289B5BC0E1A}"
EndProject
Global
	GlobalSection(SolutionConfigurationPlatforms) = preSolution
		Debug|Any CPU = Debug|Any CPU
		Release|Any CPU = Release|Any CPU
	EndGlobalSection
	GlobalSection(ProjectConfigurationPlatforms) = postSolution
		{604AC4F4-31B6-49F9-B334-2289B5BC0E1A}.Debug|Any CPU.ActiveCfg = Debug|Any CPU
		{604AC4F4-31B6-49F9-B334-2289B5BC0E1A}.Debug|Any CPU.Build.0 = Debug|Any CPU
		{604AC4F4-31B6-49F9-B334-2289B5BC0E1A}.Release|Any CPU.ActiveCfg = Release|Any CPU
		{604AC4F4-31B6-49F9-B334-2289B5BC0E1A}.Release|Any CPU.Build.0 = Release|Any CPU
	EndGlobalSection
	GlobalSection(SolutionProperties) = preSolution
		HideSolutionNode = FALSE
	EndGlobalSection
	GlobalSection(ExtensibilityGlobals) = postSolution
		SolutionGuid = {47CB7D33-65E9-48FE-B3AD-FAF101FC1FC7}
	EndGlobalSection
EndGlobal
